<Solution>
  <Folder Name="/src/">
    <Project Path="src/FriendRadar.Core/FriendRadar.Core.csproj" />
    <Project Path="src/FriendRadar.Protocol/FriendRadar.Protocol.csproj" />
    <Project Path="src/FriendRadar.Relay/FriendRadar.Relay.csproj" />
    <Project Path="src/FriendRadar/FriendRadar.csproj" />
  </Folder>
  <Folder Name="/tests/">
    <Project Path="tests/FriendRadar.Tests/FriendRadar.Tests.csproj" />
  </Folder>
</Solution>
