
Microsoft Visual Studio Solution File, Format Version 12.00
# Visual Studio Version 17
VisualStudioVersion = 17.0.31903.59
MinimumVisualStudioVersion = 10.0.40219.1
Project("{2150E333-8FDC-42A3-9474-1A3956D46DE8}") = "src", "src", "{827E0CD3-B72D-47B6-A68D-7590B98EB39B}"
EndProject
Project("{FAE04EC0-301F-11D3-BF4B-00C04F79EFBC}") = "Wyu2.Protocol", "src\Wyu2.Protocol\Wyu2.Protocol.csproj", "{7AB3D5FB-495F-4B03-A841-56C52CD923DE}"
EndProject
Project("{FAE04EC0-301F-11D3-BF4B-00C04F79EFBC}") = "Wyu2.Core", "src\Wyu2.Core\Wyu2.Core.csproj", "{63201380-C083-443B-AE77-45BE13ED5D04}"
EndProject
Project("{FAE04EC0-301F-11D3-BF4B-00C04F79EFBC}") = "Wyu2.Relay", "src\Wyu2.Relay\Wyu2.Relay.csproj", "{78C2FC59-80B2-464A-8E46-F77C3CC9E65D}"
EndProject
Project("{FAE04EC0-301F-11D3-BF4B-00C04F79EFBC}") = "Wyu2", "src\Wyu2\Wyu2.csproj", "{4F11C0B8-B6B8-4A78-8F75-6ECFB5BDD0BA}"
EndProject
Project("{2150E333-8FDC-42A3-9474-1A3956D46DE8}") = "tests", "tests", "{0AB3BF05-4346-4AA6-1389-037BE0695223}"
EndProject
Project("{FAE04EC0-301F-11D3-BF4B-00C04F79EFBC}") = "Wyu2.Tests", "tests\Wyu2.Tests\Wyu2.Tests.csproj", "{129CDE94-C156-4DC3-8C0F-6AE390F0E23D}"
EndProject
Global
	GlobalSection(SolutionConfigurationPlatforms) = preSolution
		Debug|Any CPU = Debug|Any CPU
		Debug|x64 = Debug|x64
		Debug|x86 = Debug|x86
		Release|Any CPU = Release|Any CPU
		Release|x64 = Release|x64
		Release|x86 = Release|x86
	EndGlobalSection
	GlobalSection(ProjectConfigurationPlatforms) = postSolution
		{7AB3D5FB-495F-4B03-A841-56C52CD923DE}.Debug|Any CPU.ActiveCfg = Debug|Any CPU
		{7AB3D5FB-495F-4B03-A841-56C52CD923DE}.Debug|Any CPU.Build.0 = Debug|Any CPU
		{7AB3D5FB-495F-4B03-A841-56C52CD923DE}.Debug|x64.ActiveCfg = Debug|Any CPU
		{7AB3D5FB-495F-4B03-A841-56C52CD923DE}.Debug|x64.Build.0 = Debug|Any CPU
		{7AB3D5FB-495F-4B03-A841-56C52CD923DE}.Debug|x86.ActiveCfg = Debug|Any CPU
		{7AB3D5FB-495F-4B03-A841-56C52CD923DE}.Debug|x86.Build.0 = Debug|Any CPU
		{7AB3D5FB-495F-4B03-A841-56C52CD923DE}.Release|Any CPU.ActiveCfg = Release|Any CPU
		{7AB3D5FB-495F-4B03-A841-56C52CD923DE}.Release|Any CPU.Build.0 = Release|Any CPU
		{7AB3D5FB-495F-4B03-A841-56C52CD923DE}.Release|x64.ActiveCfg = Release|Any CPU
		{7AB3D5FB-495F-4B03-A841-56C52CD923DE}.Release|x64.Build.0 = Release|Any CPU
		{7AB3D5FB-495F-4B03-A841-56C52CD923DE}.Release|x86.ActiveCfg = Release|Any CPU
		{7AB3D5FB-495F-4B03-A841-56C52CD923DE}.Release|x86.Build.0 = Release|Any CPU
		{63201380-C083-443B-AE77-45BE13ED5D04}.Debug|Any CPU.ActiveCfg = Debug|Any CPU
		{63201380-C083-443B-AE77-45BE13ED5D04}.Debug|Any CPU.Build.0 = Debug|Any CPU
		{63201380-C083-443B-AE77-45BE13ED5D04}.Debug|x64.ActiveCfg = Debug|Any CPU
		{63201380-C083-443B-AE77-45BE13ED5D04}.Debug|x64.Build.0 = Debug|Any CPU
		{63201380-C083-443B-AE77-45BE13ED5D04}.Debug|x86.ActiveCfg = Debug|Any CPU
		{63201380-C083-443B-AE77-45BE13ED5D04}.Debug|x86.Build.0 = Debug|Any CPU
		{63201380-C083-443B-AE77-45BE13ED5D04}.Release|Any CPU.ActiveCfg = Release|Any CPU
		{63201380-C083-443B-AE77-45BE13ED5D04}.Release|Any CPU.Build.0 = Release|Any CPU
		{63201380-C083-443B-AE77-45BE13ED5D04}.Release|x64.ActiveCfg = Release|Any CPU
		{63201380-C083-443B-AE77-45BE13ED5D04}.Release|x64.Build.0 = Release|Any CPU
		{63201380-C083-443B-AE77-45BE13ED5D04}.Release|x86.ActiveCfg = Release|Any CPU
		{63201380-C083-443B-AE77-45BE13ED5D04}.Release|x86.Build.0 = Release|Any CPU
		{78C2FC59-80B2-464A-8E46-F77C3CC9E65D}.Debug|Any CPU.ActiveCfg = Debug|Any CPU
		{78C2FC59-80B2-464A-8E46-F77C3CC9E65D}.Debug|Any CPU.Build.0 = Debug|Any CPU
		{78C2FC59-80B2-464A-8E46-F77C3CC9E65D}.Debug|x64.ActiveCfg = Debug|Any CPU
		{78C2FC59-80B2-464A-8E46-F77C3CC9E65D}.Debug|x64.Build.0 = Debug|Any CPU
		{78C2FC59-80B2-464A-8E46-F77C3CC9E65D}.Debug|x86.ActiveCfg = Debug|Any CPU
		{78C2FC59-80B2-464A-8E46-F77C3CC9E65D}.Debug|x86.Build.0 = Debug|Any CPU
		{78C2FC59-80B2-464A-8E46-F77C3CC9E65D}.Release|Any CPU.ActiveCfg = Release|Any CPU
		{78C2FC59-80B2-464A-8E46-F77C3CC9E65D}.Release|Any CPU.Build.0 = Release|Any CPU
		{78C2FC59-80B2-464A-8E46-F77C3CC9E65D}.Release|x64.ActiveCfg = Release|Any CPU
		{78C2FC59-80B2-464A-8E46-F77C3CC9E65D}.Release|x64.Build.0 = Release|Any CPU
		{78C2FC59-80B2-464A-8E46-F77C3CC9E65D}.Release|x86.ActiveCfg = Release|Any CPU
		{78C2FC59-80B2-464A-8E46-F77C3CC9E65D}.Release|x86.Build.0 = Release|Any CPU
		{4F11C0B8-B6B8-4A78-8F75-6ECFB5BDD0BA}.Debug|Any CPU.ActiveCfg = Debug|x64
		{4F11C0B8-B6B8-4A78-8F75-6ECFB5BDD0BA}.Debug|Any CPU.Build.0 = Debug|x64
		{4F11C0B8-B6B8-4A78-8F75-6ECFB5BDD0BA}.Debug|x64.ActiveCfg = Debug|x64
		{4F11C0B8-B6B8-4A78-8F75-6ECFB5BDD0BA}.Debug|x64.Build.0 = Debug|x64
		{4F11C0B8-B6B8-4A78-8F75-6ECFB5BDD0BA}.Debug|x86.ActiveCfg = Debug|x64
		{4F11C0B8-B6B8-4A78-8F75-6ECFB5BDD0BA}.Debug|x86.Build.0 = Debug|x64
		{4F11C0B8-B6B8-4A78-8F75-6ECFB5BDD0BA}.Release|Any CPU.ActiveCfg = Release|x64
		{4F11C0B8-B6B8-4A78-8F75-6ECFB5BDD0BA}.Release|Any CPU.Build.0 = Release|x64
		{4F11C0B8-B6B8-4A78-8F75-6ECFB5BDD0BA}.Release|x64.ActiveCfg = Release|x64
		{4F11C0B8-B6B8-4A78-8F75-6ECFB5BDD0BA}.Release|x64.Build.0 = Release|x64
		{4F11C0B8-B6B8-4A78-8F75-6ECFB5BDD0BA}.Release|x86.ActiveCfg = Release|x64
		{4F11C0B8-B6B8-4A78-8F75-6ECFB5BDD0BA}.Release|x86.Build.0 = Release|x64
		{129CDE94-C156-4DC3-8C0F-6AE390F0E23D}.Debug|Any CPU.ActiveCfg = Debug|Any CPU
		{129CDE94-C156-4DC3-8C0F-6AE390F0E23D}.Debug|Any CPU.Build.0 = Debug|Any CPU
		{129CDE94-C156-4DC3-8C0F-6AE390F0E23D}.Debug|x64.ActiveCfg = Debug|Any CPU
		{129CDE94-C156-4DC3-8C0F-6AE390F0E23D}.Debug|x64.Build.0 = Debug|Any CPU
		{129CDE94-C156-4DC3-8C0F-6AE390F0E23D}.Debug|x86.ActiveCfg = Debug|Any CPU
		{129CDE94-C156-4DC3-8C0F-6AE390F0E23D}.Debug|x86.Build.0 = Debug|Any CPU
		{129CDE94-C156-4DC3-8C0F-6AE390F0E23D}.Release|Any CPU.ActiveCfg = Release|Any CPU
		{129CDE94-C156-4DC3-8C0F-6AE390F0E23D}.Release|Any CPU.Build.0 = Release|Any CPU
		{129CDE94-C156-4DC3-8C0F-6AE390F0E23D}.Release|x64.ActiveCfg = Release|Any CPU
		{129CDE94-C156-4DC3-8C0F-6AE390F0E23D}.Release|x64.Build.0 = Release|Any CPU
		{129CDE94-C156-4DC3-8C0F-6AE390F0E23D}.Release|x86.ActiveCfg = Release|Any CPU
		{129CDE94-C156-4DC3-8C0F-6AE390F0E23D}.Release|x86.Build.0 = Release|Any CPU
	EndGlobalSection
	GlobalSection(SolutionProperties) = preSolution
		HideSolutionNode = FALSE
	EndGlobalSection
	GlobalSection(NestedProjects) = preSolution
		{7AB3D5FB-495F-4B03-A841-56C52CD923DE} = {827E0CD3-B72D-47B6-A68D-7590B98EB39B}
		{63201380-C083-443B-AE77-45BE13ED5D04} = {827E0CD3-B72D-47B6-A68D-7590B98EB39B}
		{78C2FC59-80B2-464A-8E46-F77C3CC9E65D} = {827E0CD3-B72D-47B6-A68D-7590B98EB39B}
		{4F11C0B8-B6B8-4A78-8F75-6ECFB5BDD0BA} = {827E0CD3-B72D-47B6-A68D-7590B98EB39B}
		{129CDE94-C156-4DC3-8C0F-6AE390F0E23D} = {0AB3BF05-4346-4AA6-1389-037BE0695223}
	EndGlobalSection
EndGlobal
